
Microsoft Visual Studio Solution File, Format Version 12.00
# Visual Studio Version 16
VisualStudioVersion = 16.0.28809.33
MinimumVisualStudioVersion = 10.0.40219.1
Project("{8BC9CEB8-8B4A-11D0-8D11-00A0C91BC942}") = "azsphere_obd_fw", "azsphere_obd_fw\azsphere_obd_fw.vcxproj", "{95AE978D-9402-4ACF-B2C3-010546A353B8}"
EndProject
Global
	GlobalSection(SolutionConfigurationPlatforms) = preSolution
		Debug|ARM = Debug|ARM
		Release|ARM = Release|ARM
	EndGlobalSection
	GlobalSection(ProjectConfigurationPlatforms) = postSolution
		{95AE978D-9402-4ACF-B2C3-010546A353B8}.Debug|ARM.ActiveCfg = Debug|ARM
		{95AE978D-9402-4ACF-B2C3-010546A353B8}.Debug|ARM.Build.0 = Debug|ARM
		{95AE978D-9402-4ACF-B2C3-010546A353B8}.Release|ARM.ActiveCfg = Release|ARM
		{95AE978D-9402-4ACF-B2C3-010546A353B8}.Release|ARM.Build.0 = Release|ARM
	EndGlobalSection
	GlobalSection(SolutionProperties) = preSolution
		HideSolutionNode = FALSE
	EndGlobalSection
	GlobalSection(ExtensibilityGlobals) = postSolution
		SolutionGuid = {28F0DF39-B5FC-4EE8-8C6E-E75D7D4778BA}
	EndGlobalSection
EndGlobal
